#MicroXplorer Configuration settings - do not modify
PB13.GPIOParameters=PinState,GPIO_Label,GPIO_ModeDefaultOutputPP
VP_TIM17_VS_ClockSourceINT.Mode=Enable_Timer
I2C1.I2C_Speed_Mode=I2C_Standard
PF1-OSC_OUT.GPIO_ModeDefaultOutputPP=GPIO_MODE_OUTPUT_OD
PB10.Mode=I2C
Dma.I2C1_TX.4.PeriphInc=DMA_PINC_DISABLE
RCC.PLLCLKFreq_Value=16000000
PB14.GPIO_Label=LED1_R
I2C1.I2C_Rise_Time=0
VP_RTC_VS_RTC_Activate.Mode=RTC_Enabled
RCC.RTCFreq_Value=32768
PA3.GPIOParameters=GPIO_Label
PA6.GPIO_Label=TS_CTR1
PB13.Signal=GPIO_Output
PA2.GPIOParameters=GPIO_Label
PinOutPanel.RotationAngle=0
Dma.I2C1_RX.3.Priority=DMA_PRIORITY_LOW
SH.GPXTI13.0=GPIO_EXTI13
NVIC.RTC_IRQn=true\:0\:0\:false\:false\:true\:true\:true
NVIC.I2C1_IRQn=true\:0\:0\:false\:false\:false\:true\:false
PA4.Mode=IN4
SH.S_TIM3_CH2.ConfNb=1
PF0-OSC_IN.GPIO_PuPd=GPIO_PULLUP
I2C2.I2C_Speed_Mode=I2C_Standard
PB6.Signal=I2C1_SCL
PB6.Mode=I2C
RTC.IPParameters=Alarm-Alarm A
TIM17.IPParameters=Channel
Dma.I2C2_TX.2.Direction=DMA_MEMORY_TO_PERIPH
PB13.Locked=true
Dma.I2C1_RX.3.Mode=DMA_NORMAL
ADC.SamplingTime=ADC_SAMPLETIME_71CYCLES_5
Dma.I2C2_RX.1.Mode=DMA_NORMAL
ProjectManager.ProjectBuild=false
Dma.I2C2_TX.2.Priority=DMA_PRIORITY_LOW
PA0.Locked=true
PF0-OSC_IN.GPIO_Label=CH_INT
PB2.Signal=GPXTI2
PA8.Locked=true
PA4.Locked=true
TIM17.Channel=TIM_CHANNEL_1
RCC.RTCClockSelection=RCC_RTCCLKSOURCE_LSE
SH.GPXTI12.0=GPIO_EXTI12
PB12.GPIO_Label=SW1
ProjectManager.FirmwarePackage=STM32Cube FW_F0 V1.11.2
MxDb.Version=DB.6.0.21
PB0.GPIOParameters=GPIO_Label
PA1.GPIOParameters=GPIO_Label
ProjectManager.BackupPrevious=false
TIM15.Channel-PWM\ Generation2\ CH2=TIM_CHANNEL_2
PF0-OSC_IN.Locked=true
PB1.GPIO_Label=BGINT
PA0.Mode=IN0
PA8.Signal=GPIO_Input
PB6.Locked=true
NVIC.PendSV_IRQn=true\:0\:0\:false\:false\:true\:false\:false
ProjectManager.HalAssertFull=false
PB2.GPIO_PuPd=GPIO_PULLDOWN
PA0.Signal=ADC_IN0
RCC.PLLMCOFreq_Value=16000000
Mcu.Package=LQFP48
PB9.Signal=S_TIM17_CH1
PB1.Signal=GPIO_Input
I2C2.I2C_Fall_Time=0
PA5.Locked=true
I2C2.I2C_Rise_Time=0
VP_SYS_VS_Systick.Signal=SYS_VS_Systick
PA10.Signal=GPIO_Input
VP_RTC_VS_RTC_Calendar.Mode=RTC_Calendar
PA5.GPIOParameters=GPIO_Label
PB14.GPIOParameters=GPIO_Label
Dma.I2C2_RX.1.PeriphInc=DMA_PINC_DISABLE
Dma.I2C2_RX.1.MemDataAlignment=DMA_MDATAALIGN_BYTE
Dma.I2C2_TX.2.Instance=DMA1_Channel4
PA4.GPIO_Label=POW_DET_SEN
ProjectManager.CustomerFirmwarePackage=
PF1-OSC_OUT.Signal=GPIO_Output
NVIC.EXTI4_15_IRQn=true\:3\:0\:true\:false\:true\:true\:true
Dma.I2C1_RX.3.MemDataAlignment=DMA_MDATAALIGN_BYTE
TIM15.Channel-PWM\ Generation1\ CH1=TIM_CHANNEL_1
PA5.Mode=IN5
PA6.GPIOParameters=GPIO_Label
Dma.I2C1_TX.4.Priority=DMA_PRIORITY_LOW
Dma.I2C2_TX.2.MemDataAlignment=DMA_MDATAALIGN_BYTE
ProjectManager.ProjectFileName=PiJuice.ioc
Dma.I2C2_TX.2.RequestParameters=Instance,Direction,PeriphInc,MemInc,PeriphDataAlignment,MemDataAlignment,Mode,Priority
I2C2.I2C_Coeff_DF=0
PA15.GPIOParameters=GPIO_Label
Mcu.PinsNb=47
VP_ADC_TempSens_Input.Mode=IN-TempSens
I2C1.I2C_Fall_Time=0
PC13.Locked=true
PC13.Signal=GPXTI13
PA9.GPIO_Label=BID
SH.GPXTI0.ConfNb=1
PA11.GPIO_Label=POWDET_EN
ADC.IPParameters=SamplingTime,EOCSelection,ClockPrescaler,DMAContinuousRequests,EnableAnalogWatchDog
ADC.ClockPrescaler=ADC_CLOCK_ASYNC_DIV1
VP_TIM17_VS_ClockSourceINT.Signal=TIM17_VS_ClockSourceINT
ADC.EnableAnalogWatchDog=true
VP_TIM6_VS_ClockSourceINT.Signal=TIM6_VS_ClockSourceINT
PA3.Mode=IN3
TIM3.Channel-PWM\ Generation3\ CH3=TIM_CHANNEL_3
PB8.GPIO_Label=EE_WP
PA11.Locked=true
PA15.Locked=true
PA8.GPIO_Label=IO2
SH.GPXTI2.ConfNb=1
PB11.Mode=I2C
PA9.Signal=GPIO_Input
PF1-OSC_OUT.GPIOParameters=GPIO_Label,GPIO_ModeDefaultOutputPP
Mcu.Pin46=VP_TIM17_VS_ClockSourceINT
PB10.Signal=I2C2_SCL
PB14.Signal=S_TIM15_CH1
Dma.I2C2_RX.1.Instance=DMA1_Channel5
PA5.Signal=ADC_IN5
Mcu.Pin40=VP_RTC_VS_RTC_Activate
Mcu.Pin41=VP_RTC_VS_RTC_Calendar
Mcu.Pin44=VP_SYS_VS_Systick
Mcu.Pin45=VP_TIM6_VS_ClockSourceINT
Mcu.Pin42=VP_RTC_VS_RTC_WakeUp_intern
Mcu.Pin43=VP_RTC_VS_RTC_Alarm_A_Intern
ProjectManager.LastFirmware=true
SH.S_TIM15_CH1.0=TIM15_CH1,PWM Generation1 CH1
SH.S_TIM15_CH1.ConfNb=1
SH.S_TIM15_CH2.ConfNb=1
NVIC.EXTI2_3_IRQn=true\:3\:0\:true\:false\:true\:true\:true
PA1.Mode=IN1
PB13.PinState=GPIO_PIN_SET
Dma.I2C2_RX.1.Direction=DMA_PERIPH_TO_MEMORY
PB4.GPIO_Label=LED2_R
Mcu.Pin37=VP_ADC_TempSens_Input
Mcu.Pin38=VP_ADC_Vref_Input
PB15.GPIO_Label=LED1_G
Mcu.Pin35=PB8
Mcu.Pin36=PB9
Mcu.Pin39=VP_IWDG_VS_IWDG
Mcu.Pin30=PB3
PF1-OSC_OUT.GPIO_Label=ESYSLIM
PA1.GPIO_Label=CS2
Mcu.Pin33=PB6
TIM3.IPParameters=Channel-PWM Generation3 CH3,Channel-PWM Generation2 CH2,Channel-PWM Generation1 CH1
Mcu.Pin34=PB7
Mcu.Pin31=PB4
Mcu.Pin32=PB5
PA9.Locked=true
ADC.EOCSelection=ADC_EOC_SEQ_CONV
NVIC.NonMaskableInt_IRQn=true\:0\:0\:false\:false\:true\:false\:false
PA13.Mode=Serial_Wire
ProjectManager.FreePins=false
Mcu.Pin26=PA12
Mcu.Pin27=PA13
Mcu.Pin24=PA10
ProjectManager.UnderRoot=true
Mcu.Pin25=PA11
Mcu.Pin28=PA14
Mcu.Pin29=PA15
PB4.Locked=true
PA4.Signal=ADC_IN4
Mcu.Pin22=PA8
PB5.Signal=S_TIM3_CH2
Mcu.Pin23=PA9
RCC.TimSysFreq_Value=8000000
Mcu.Pin20=PB14
PA3.Locked=true
Mcu.Pin21=PB15
VP_ADC_TempSens_Input.Signal=ADC_TempSens_Input
PA5.GPIO_Label=CHG_CUR
PA10.Locked=true
NVIC.ForceEnableDMAVector=false
VP_RTC_VS_RTC_Alarm_A_Intern.Signal=RTC_VS_RTC_Alarm_A_Intern
ProjectManager.CompilerOptimize=6
PA11.Signal=GPIO_Output
Dma.I2C1_TX.4.RequestParameters=Instance,Direction,PeriphInc,MemInc,PeriphDataAlignment,MemDataAlignment,Mode,Priority
ProjectManager.HeapSize=0x200
PA0.GPIOParameters=GPIO_Label
Mcu.Pin15=PB2
NVIC.HardFault_IRQn=true\:0\:0\:false\:false\:true\:false\:false
Mcu.Pin16=PB10
Mcu.Pin13=PB0
Mcu.Pin14=PB1
Mcu.Pin19=PB13
SH.S_TIM3_CH1.ConfNb=1
ProjectManager.ComputerToolchain=false
Mcu.Pin17=PB11
Mcu.Pin18=PB12
SH.S_TIM17_CH1.0=TIM17_CH1,PWM Generation1 CH1
Mcu.Pin11=PA6
TIM3.Channel-PWM\ Generation2\ CH2=TIM_CHANNEL_2
Mcu.Pin12=PA7
Mcu.Pin10=PA5
PF0-OSC_IN.Signal=GPXTI0
PF0-OSC_IN.GPIOParameters=GPIO_PuPd,GPIO_Label,GPIO_ModeDefaultEXTI
PB12.GPIO_PuPd=GPIO_PULLDOWN
PB0.Signal=S_TIM3_CH3
PA7.GPIOParameters=GPIO_Label
PB12.GPIOParameters=GPIO_PuPd,GPIO_Label
Mcu.Family=STM32F0
ProjectManager.MainLocation=Core/Src
I2C2.IPParameters=I2C_Fall_Time,I2C_Rise_Time,I2C_Coeff_DF,Speed,I2C_Speed_Mode
Dma.I2C1_RX.3.Direction=DMA_PERIPH_TO_MEMORY
ProjectManager.KeepUserCode=true
Mcu.UserName=STM32F030CCTx
Dma.ADC.0.Mode=DMA_CIRCULAR
Dma.I2C1_RX.3.RequestParameters=Instance,Direction,PeriphInc,MemInc,PeriphDataAlignment,MemDataAlignment,Mode,Priority
PC15OSC32_OUT.Signal=RCC_OSC32_OUT
VP_IWDG_VS_IWDG.Mode=IWDG_Activate
SH.S_TIM17_CH1.ConfNb=1
PA0.GPIO_Label=CS1
PA12.GPIOParameters=GPIO_Label
ProjectManager.functionlistsort=1-MX_GPIO_Init-GPIO-false-HAL-true,2-MX_DMA_Init-DMA-false-HAL-true,3-SystemClock_Config-RCC-false-HAL-false,4-MX_ADC_Init-ADC-false-HAL-true,5-MX_RTC_Init-RTC-false-HAL-true,6-MX_TIM6_Init-TIM6-false-HAL-true,7-MX_TIM3_Init-TIM3-false-HAL-true,8-MX_TIM15_Init-TIM15-false-HAL-true,9-MX_TIM17_Init-TIM17-false-HAL-true,10-MX_I2C2_Init-I2C2-false-HAL-true,11-MX_I2C1_Init-I2C1-false-HAL-true,12-MX_IWDG_Init-IWDG-true-HAL-true
PA9.GPIOParameters=GPIO_Label
PA11.GPIOParameters=GPIO_Label
Dma.ADC.0.Priority=DMA_PRIORITY_LOW
PB0.GPIO_Label=LED2_B
VP_RTC_VS_RTC_Calendar.Signal=RTC_VS_RTC_Calendar
NVIC.SVC_IRQn=true\:0\:0\:false\:false\:true\:false\:false
PC13.GPIO_Label=WKUP_SW2
PC15OSC32_OUT.Mode=LSE-External-Oscillator
PB13.GPIO_Label=RUN
PB11.Signal=I2C2_SDA
PB15.Signal=S_TIM15_CH2
VP_RTC_VS_RTC_Alarm_A_Intern.Mode=Alarm A
ProjectManager.StackSize=0x400
PB5.GPIOParameters=GPIO_Label
SH.S_TIM15_CH2.0=TIM15_CH2,PWM Generation2 CH2
SH.GPXTI2.0=GPIO_EXTI2
Dma.I2C1_TX.4.PeriphDataAlignment=DMA_PDATAALIGN_BYTE
Mcu.IP4=IWDG
Mcu.IP5=NVIC
Mcu.IP2=I2C1
I2C1.IPParameters=I2C_Speed_Mode,I2C_Fall_Time,I2C_Rise_Time,Speed,DualAddressMode
Mcu.IP3=I2C2
PA15.GPIO_Label=TS_CTL2
PB4.GPIOParameters=GPIO_Label
Mcu.IP0=ADC
PA12.Locked=true
Mcu.IP1=DMA
PA12.Signal=GPIO_Input
Mcu.UserConstants=
VP_ADC_Vref_Input.Signal=ADC_Vref_Input
SH.GPXTI13.ConfNb=1
Mcu.ThirdPartyNb=0
Dma.ADC.0.PeriphInc=DMA_PINC_DISABLE
PB1.GPIO_PuPd=GPIO_NOPULL
Mcu.IPNb=13
Dma.I2C2_RX.1.MemInc=DMA_MINC_ENABLE
ProjectManager.PreviousToolchain=STM32CubeIDE
PB13.GPIO_ModeDefaultOutputPP=GPIO_MODE_OUTPUT_OD
PA8.GPIOParameters=GPIO_Label
Mcu.Pin6=PA1
Mcu.Pin7=PA2
Mcu.Pin8=PA3
Mcu.Pin9=PA4
Mcu.Pin0=PC13
Mcu.Pin1=PC14OSC32_IN
Dma.ADC.0.Direction=DMA_PERIPH_TO_MEMORY
TIM3.Channel-PWM\ Generation1\ CH1=TIM_CHANNEL_1
GPIO.groupedBy=Group By Peripherals
Mcu.Pin2=PC15OSC32_OUT
Mcu.Pin3=PF0-OSC_IN
Mcu.Pin4=PF1-OSC_OUT
Mcu.Pin5=PA0
Mcu.IP10=TIM6
NVIC.SysTick_IRQn=true\:1\:0\:true\:false\:true\:false\:true
Mcu.IP12=TIM17
Mcu.IP11=TIM15
Dma.I2C2_TX.2.MemInc=DMA_MINC_ENABLE
PA14.Mode=Serial_Wire
File.Version=6
PA10.GPIO_Label=POW_EN
PC13.GPIO_PuPd=GPIO_PULLDOWN
PB3.GPIOParameters=GPIO_Label
PB7.Signal=I2C1_SDA
PB8.Locked=true
SH.S_TIM3_CH1.0=TIM3_CH1,PWM Generation1 CH1
TIM6.Period=1000 - 1
Dma.RequestsNb=5
ProjectManager.ProjectName=PiJuice
Dma.ADC.0.MemInc=DMA_MINC_ENABLE
PC14OSC32_IN.Mode=LSE-External-Oscillator
Dma.I2C1_RX.3.PeriphInc=DMA_PINC_DISABLE
PA6.Signal=GPIO_Output
PA7.Locked=true
ProjectManager.ToolChainLocation=
Dma.ADC.0.Instance=DMA1_Channel1
PA2.GPIO_Label=BAT_SEN
SH.GPXTI0.0=GPIO_EXTI0
PA15.Signal=GPIO_Output
Dma.ADC.0.MemDataAlignment=DMA_MDATAALIGN_HALFWORD
PB5.GPIO_Label=LED2_G
Dma.Request2=I2C2_TX
Dma.Request1=I2C2_RX
Dma.Request4=I2C1_TX
Dma.Request3=I2C1_RX
Dma.Request0=ADC
PC14OSC32_IN.Signal=RCC_OSC32_IN
PB4.Signal=S_TIM3_CH1
PB3.Locked=true
PA3.Signal=ADC_IN3
PA2.Locked=true
PB3.GPIO_Label=EE_A
VP_RTC_VS_RTC_Activate.Signal=RTC_VS_RTC_Activate
I2C1.Speed=100
Dma.I2C1_TX.4.MemDataAlignment=DMA_MDATAALIGN_BYTE
PB8.GPIOParameters=GPIO_Label
PA7.Mode=IN7
PB9.GPIO_Label=LED1_B
ProjectManager.NoMain=false
VP_ADC_Vref_Input.Mode=IN-Vrefint
TIM6.Prescaler=8 - 1
VP_TIM6_VS_ClockSourceINT.Mode=Enable_Timer
Dma.I2C2_TX.2.Mode=DMA_NORMAL
Dma.I2C1_RX.3.PeriphDataAlignment=DMA_PDATAALIGN_BYTE
ProjectManager.DefaultFWLocation=true
PB12.Locked=true
ProjectManager.DeletePrevious=true
PF1-OSC_OUT.Locked=true
PB10.Locked=true
SH.S_TIM3_CH3.0=TIM3_CH3,PWM Generation3 CH3
PA12.GPIO_Label=EXTVS_EN
RCC.FamilyName=M
Dma.ADC.0.PeriphDataAlignment=DMA_PDATAALIGN_HALFWORD
NVIC.TIM6_IRQn=true\:2\:0\:true\:false\:false\:true\:false
PB9.GPIOParameters=GPIO_Label
I2C1.DualAddressMode=I2C_DUALADDRESS_ENABLE
PA13.Signal=SYS_SWDIO
TIM6.IPParameters=Period,Prescaler
Dma.I2C1_TX.4.Mode=DMA_NORMAL
Dma.I2C2_TX.2.PeriphDataAlignment=DMA_PDATAALIGN_BYTE
ProjectManager.TargetToolchain=STM32CubeIDE
SH.S_TIM3_CH3.ConfNb=1
NVIC.I2C2_IRQn=true\:0\:0\:false\:false\:false\:true\:false
VP_RTC_VS_RTC_WakeUp_intern.Signal=RTC_VS_RTC_WakeUp_intern
PB2.GPIOParameters=GPIO_PuPd,GPIO_Label
Dma.I2C2_RX.1.RequestParameters=Instance,Direction,PeriphInc,MemInc,PeriphDataAlignment,MemDataAlignment,Mode,Priority
SH.GPXTI12.ConfNb=1
ProjectManager.RegisterCallBack=
TIM15.IPParameters=Channel-PWM Generation1 CH1,Channel-PWM Generation2 CH2
PA1.Signal=ADC_IN1
PB1.Locked=true
Dma.I2C2_RX.1.PeriphDataAlignment=DMA_PDATAALIGN_BYTE
SH.S_TIM3_CH2.0=TIM3_CH2,PWM Generation2 CH2
ADC.DMAContinuousRequests=ENABLE
board=custom
Dma.I2C2_TX.2.PeriphInc=DMA_PINC_DISABLE
RCC.VCOOutput2Freq_Value=8000000
Dma.ADC.0.RequestParameters=Instance,Direction,PeriphInc,MemInc,PeriphDataAlignment,MemDataAlignment,Mode,Priority
MxCube.Version=6.2.1
PC13.GPIOParameters=GPIO_PuPd,GPIO_Label
Dma.I2C1_TX.4.MemInc=DMA_MINC_ENABLE
PA10.GPIOParameters=GPIO_Label
VP_SYS_VS_Systick.Mode=SysTick
PF0-OSC_IN.GPIO_ModeDefaultEXTI=GPIO_MODE_IT_FALLING
Dma.I2C1_TX.4.Instance=DMA1_Channel2
PA4.GPIOParameters=GPIO_Label
PB15.GPIOParameters=GPIO_Label
I2C2.Speed=100
RCC.IPParameters=FamilyName,PLLCLKFreq_Value,PLLMCOFreq_Value,RTCClockSelection,RTCFreq_Value,TimSysFreq_Value,VCOOutput2Freq_Value
ProjectManager.AskForMigrate=true
Mcu.Name=STM32F030CCTx
RTC.Alarm-Alarm\ A=RTC_ALARM_A
Dma.I2C1_RX.3.Instance=DMA1_Channel3
Dma.I2C1_TX.4.Direction=DMA_MEMORY_TO_PERIPH
PA2.Signal=ADC_IN2
PB2.Locked=true
Mcu.IP8=SYS
Mcu.IP9=TIM3
Mcu.IP6=RCC
Mcu.IP7=RTC
ProjectManager.CoupleFile=false
PB3.Signal=GPIO_Output
PA7.GPIO_Label=IO1
KeepUserPlacement=false
PB7.Mode=I2C
VP_IWDG_VS_IWDG.Signal=IWDG_VS_IWDG
PA14.Signal=SYS_SWCLK
PB2.GPIO_Label=SW3
VP_RTC_VS_RTC_WakeUp_intern.Mode=WakeUp
Dma.I2C1_RX.3.MemInc=DMA_MINC_ENABLE
PB7.Locked=true
PA2.Mode=IN2
PB8.Signal=GPIO_Output
Dma.I2C2_RX.1.Priority=DMA_PRIORITY_LOW
ProjectManager.DeviceId=STM32F030CCTx
PB12.Signal=GPXTI12
ProjectManager.LibraryCopy=1
PA3.GPIO_Label=NTCR10
PB1.GPIOParameters=GPIO_PuPd,GPIO_Label
PA7.Signal=ADC_IN7
NVIC.EXTI0_1_IRQn=true\:3\:0\:true\:false\:true\:true\:true
PA6.Locked=true
isbadioc=false
