#MicroXplorer Configuration settings - do not modify
FREERTOS.IPParameters=Tasks01,configENABLE_BACKWARD_COMPATIBILITY,configUSE_TICKLESS_IDLE
FREERTOS.Tasks01=defaultTask,24,128,StartDefaultTask,Default,NULL,Dynamic,NULL,NULL
FREERTOS.configENABLE_BACKWARD_COMPATIBILITY=0
FREERTOS.configUSE_TICKLESS_IDLE=1
File.Version=6
KeepUserPlacement=false
Mcu.Family=STM32F0
Mcu.IP0=FREERTOS
Mcu.IP1=I2C1
Mcu.IP2=I2C2
Mcu.IP3=IWDG
Mcu.IP4=NVIC
Mcu.IP5=RCC
Mcu.IP6=RTC
Mcu.IP7=SYS
Mcu.IP8=WWDG
Mcu.IPNb=9
Mcu.Name=STM32F030CCTx
Mcu.Package=LQFP48
Mcu.Pin0=PC14OSC32_IN
Mcu.Pin1=PC15OSC32_OUT
Mcu.Pin10=VP_RTC_VS_RTC_Activate
Mcu.Pin11=VP_RTC_VS_RTC_Calendar
Mcu.Pin12=VP_RTC_VS_RTC_WakeUp_intern
Mcu.Pin13=VP_RTC_VS_RTC_Alarm_A_Intern
Mcu.Pin14=VP_SYS_VS_tim6
Mcu.Pin15=VP_WWDG_VS_WWDG
Mcu.Pin2=PF0-OSC_IN
Mcu.Pin3=PF1-OSC_OUT
Mcu.Pin4=PB10
Mcu.Pin5=PB11
Mcu.Pin6=PB6
Mcu.Pin7=PB7
Mcu.Pin8=VP_FREERTOS_VS_CMSIS_V2
Mcu.Pin9=VP_IWDG_VS_IWDG
Mcu.PinsNb=16
Mcu.ThirdPartyNb=0
Mcu.UserConstants=
Mcu.UserName=STM32F030CCTx
MxCube.Version=5.4.0
MxDb.Version=DB.5.0.40
NVIC.ForceEnableDMAVector=true
NVIC.HardFault_IRQn=true\:0\:0\:false\:false\:true\:false\:true\:false
NVIC.NonMaskableInt_IRQn=true\:0\:0\:false\:false\:true\:false\:true\:false
NVIC.PendSV_IRQn=true\:3\:0\:false\:false\:false\:true\:true\:false
NVIC.SVC_IRQn=true\:0\:0\:false\:false\:false\:false\:true\:false
NVIC.SysTick_IRQn=true\:3\:0\:false\:false\:false\:true\:true\:false
NVIC.TIM6_IRQn=true\:0\:0\:false\:false\:true\:false\:false\:true
NVIC.TimeBase=TIM6_IRQn
NVIC.TimeBaseIP=TIM6
PB10.Mode=I2C
PB10.Signal=I2C2_SCL
PB11.Mode=I2C
PB11.Signal=I2C2_SDA
PB6.Locked=true
PB6.Mode=I2C
PB6.Signal=I2C1_SCL
PB7.Locked=true
PB7.Mode=I2C
PB7.Signal=I2C1_SDA
PC14OSC32_IN.Mode=LSE-External-Oscillator
PC14OSC32_IN.Signal=RCC_OSC32_IN
PC15OSC32_OUT.Mode=LSE-External-Oscillator
PC15OSC32_OUT.Signal=RCC_OSC32_OUT
PCC.Checker=false
PCC.Line=STM32F0x0 Value Line
PCC.MCU=STM32F030CCTx
PCC.PartNumber=STM32F030CCTx
PCC.Seq0=0
PCC.Series=STM32F0
PCC.Temperature=25
PCC.Vdd=3.6
PF0-OSC_IN.Locked=true
PF0-OSC_IN.Signal=GPIO_Input
PF1-OSC_OUT.Locked=true
PF1-OSC_OUT.Signal=GPIO_Analog
PinOutPanel.RotationAngle=0
ProjectManager.AskForMigrate=true
ProjectManager.BackupPrevious=false
ProjectManager.CompilerOptimize=2
ProjectManager.ComputerToolchain=false
ProjectManager.CoupleFile=false
ProjectManager.CustomerFirmwarePackage=
ProjectManager.DefaultFWLocation=true
ProjectManager.DeletePrevious=true
ProjectManager.DeviceId=STM32F030CCTx
ProjectManager.FirmwarePackage=STM32Cube FW_F0 V1.11.1
ProjectManager.FreePins=false
ProjectManager.HalAssertFull=false
ProjectManager.HeapSize=0x200
ProjectManager.KeepUserCode=true
ProjectManager.LastFirmware=true
ProjectManager.LibraryCopy=1
ProjectManager.MainLocation=Core/Src
ProjectManager.NoMain=false
ProjectManager.PreviousToolchain=TrueSTUDIO
ProjectManager.ProjectBuild=false
ProjectManager.ProjectFileName=PiJuice.ioc
ProjectManager.ProjectName=PiJuice
ProjectManager.StackSize=0x400
ProjectManager.TargetToolchain=STM32CubeIDE
ProjectManager.ToolChainLocation=
ProjectManager.UnderRoot=false
ProjectManager.functionlistsort=1-MX_GPIO_Init-GPIO-false-HAL-true,2-SystemClock_Config-RCC-false-HAL-false,3-MX_I2C1_Init-I2C1-false-HAL-true,4-MX_I2C2_Init-I2C2-false-HAL-true,5-MX_IWDG_Init-IWDG-false-HAL-true,6-MX_RTC_Init-RTC-false-HAL-true,7-MX_WWDG_Init-WWDG-false-HAL-true
RCC.FamilyName=M
RCC.IPParameters=FamilyName,PLLCLKFreq_Value,PLLMCOFreq_Value,TimSysFreq_Value,VCOOutput2Freq_Value
RCC.PLLCLKFreq_Value=16000000
RCC.PLLMCOFreq_Value=16000000
RCC.TimSysFreq_Value=8000000
RCC.VCOOutput2Freq_Value=8000000
RTC.Alarm-Alarm\ A=RTC_ALARM_A
RTC.IPParameters=Alarm-Alarm A
VP_FREERTOS_VS_CMSIS_V2.Mode=CMSIS_V2
VP_FREERTOS_VS_CMSIS_V2.Signal=FREERTOS_VS_CMSIS_V2
VP_IWDG_VS_IWDG.Mode=IWDG_Activate
VP_IWDG_VS_IWDG.Signal=IWDG_VS_IWDG
VP_RTC_VS_RTC_Activate.Mode=RTC_Enabled
VP_RTC_VS_RTC_Activate.Signal=RTC_VS_RTC_Activate
VP_RTC_VS_RTC_Alarm_A_Intern.Mode=Alarm A
VP_RTC_VS_RTC_Alarm_A_Intern.Signal=RTC_VS_RTC_Alarm_A_Intern
VP_RTC_VS_RTC_Calendar.Mode=RTC_Calendar
VP_RTC_VS_RTC_Calendar.Signal=RTC_VS_RTC_Calendar
VP_RTC_VS_RTC_WakeUp_intern.Mode=WakeUp
VP_RTC_VS_RTC_WakeUp_intern.Signal=RTC_VS_RTC_WakeUp_intern
VP_SYS_VS_tim6.Mode=TIM6
VP_SYS_VS_tim6.Signal=SYS_VS_tim6
VP_WWDG_VS_WWDG.Mode=WWDG_Activate
VP_WWDG_VS_WWDG.Signal=WWDG_VS_WWDG
board=PiJuice
