#MicroXplorer Configuration settings - do not modify
ADC.ClockPrescaler=ADC_CLOCK_ASYNC_DIV1
ADC.DMAContinuousRequests=ENABLE
ADC.EOCSelection=ADC_EOC_SEQ_CONV
ADC.EnableAnalogWatchDog=true
ADC.IPParameters=SamplingTime,EOCSelection,ClockPrescaler,DMAContinuousRequests,EnableAnalogWatchDog
ADC.SamplingTime=ADC_SAMPLETIME_71CYCLES_5
Dma.ADC.0.Direction=DMA_PERIPH_TO_MEMORY
Dma.ADC.0.Instance=DMA1_Channel1
Dma.ADC.0.MemDataAlignment=DMA_MDATAALIGN_HALFWORD
Dma.ADC.0.MemInc=DMA_MINC_ENABLE
Dma.ADC.0.Mode=DMA_CIRCULAR
Dma.ADC.0.PeriphDataAlignment=DMA_PDATAALIGN_HALFWORD
Dma.ADC.0.PeriphInc=DMA_PINC_DISABLE
Dma.ADC.0.Priority=DMA_PRIORITY_LOW
Dma.ADC.0.RequestParameters=Instance,Direction,PeriphInc,MemInc,PeriphDataAlignment,MemDataAlignment,Mode,Priority
Dma.I2C1_RX.3.Direction=DMA_PERIPH_TO_MEMORY
Dma.I2C1_RX.3.Instance=DMA1_Channel3
Dma.I2C1_RX.3.MemDataAlignment=DMA_MDATAALIGN_BYTE
Dma.I2C1_RX.3.MemInc=DMA_MINC_ENABLE
Dma.I2C1_RX.3.Mode=DMA_NORMAL
Dma.I2C1_RX.3.PeriphDataAlignment=DMA_PDATAALIGN_BYTE
Dma.I2C1_RX.3.PeriphInc=DMA_PINC_DISABLE
Dma.I2C1_RX.3.Priority=DMA_PRIORITY_LOW
Dma.I2C1_RX.3.RequestParameters=Instance,Direction,PeriphInc,MemInc,PeriphDataAlignment,MemDataAlignment,Mode,Priority
Dma.I2C1_TX.4.Direction=DMA_MEMORY_TO_PERIPH
Dma.I2C1_TX.4.Instance=DMA1_Channel2
Dma.I2C1_TX.4.MemDataAlignment=DMA_MDATAALIGN_BYTE
Dma.I2C1_TX.4.MemInc=DMA_MINC_ENABLE
Dma.I2C1_TX.4.Mode=DMA_NORMAL
Dma.I2C1_TX.4.PeriphDataAlignment=DMA_PDATAALIGN_BYTE
Dma.I2C1_TX.4.PeriphInc=DMA_PINC_DISABLE
Dma.I2C1_TX.4.Priority=DMA_PRIORITY_LOW
Dma.I2C1_TX.4.RequestParameters=Instance,Direction,PeriphInc,MemInc,PeriphDataAlignment,MemDataAlignment,Mode,Priority
Dma.I2C2_RX.1.Direction=DMA_PERIPH_TO_MEMORY
Dma.I2C2_RX.1.Instance=DMA1_Channel5
Dma.I2C2_RX.1.MemDataAlignment=DMA_MDATAALIGN_BYTE
Dma.I2C2_RX.1.MemInc=DMA_MINC_ENABLE
Dma.I2C2_RX.1.Mode=DMA_NORMAL
Dma.I2C2_RX.1.PeriphDataAlignment=DMA_PDATAALIGN_BYTE
Dma.I2C2_RX.1.PeriphInc=DMA_PINC_DISABLE
Dma.I2C2_RX.1.Priority=DMA_PRIORITY_LOW
Dma.I2C2_RX.1.RequestParameters=Instance,Direction,PeriphInc,MemInc,PeriphDataAlignment,MemDataAlignment,Mode,Priority
Dma.I2C2_TX.2.Direction=DMA_MEMORY_TO_PERIPH
Dma.I2C2_TX.2.Instance=DMA1_Channel4
Dma.I2C2_TX.2.MemDataAlignment=DMA_MDATAALIGN_BYTE
Dma.I2C2_TX.2.MemInc=DMA_MINC_ENABLE
Dma.I2C2_TX.2.Mode=DMA_NORMAL
Dma.I2C2_TX.2.PeriphDataAlignment=DMA_PDATAALIGN_BYTE
Dma.I2C2_TX.2.PeriphInc=DMA_PINC_DISABLE
Dma.I2C2_TX.2.Priority=DMA_PRIORITY_LOW
Dma.I2C2_TX.2.RequestParameters=Instance,Direction,PeriphInc,MemInc,PeriphDataAlignment,MemDataAlignment,Mode,Priority
Dma.Request0=ADC
Dma.Request1=I2C2_RX
Dma.Request2=I2C2_TX
Dma.Request3=I2C1_RX
Dma.Request4=I2C1_TX
Dma.RequestsNb=5
File.Version=6
GPIO.groupedBy=Group By Peripherals
I2C1.DualAddressMode=I2C_DUALADDRESS_ENABLE
I2C1.I2C_Fall_Time=0
I2C1.I2C_Rise_Time=0
I2C1.I2C_Speed_Mode=I2C_Standard
I2C1.IPParameters=I2C_Speed_Mode,I2C_Fall_Time,I2C_Rise_Time,Speed,DualAddressMode
I2C1.Speed=100
I2C2.I2C_Coeff_DF=0
I2C2.I2C_Fall_Time=0
I2C2.I2C_Rise_Time=0
I2C2.I2C_Speed_Mode=I2C_Standard
I2C2.IPParameters=I2C_Fall_Time,I2C_Rise_Time,I2C_Coeff_DF,Speed,I2C_Speed_Mode
I2C2.Speed=100
KeepUserPlacement=false
Mcu.Family=STM32F0
Mcu.IP0=ADC
Mcu.IP1=DMA
Mcu.IP10=TIM15
Mcu.IP11=TIM17
Mcu.IP2=I2C1
Mcu.IP3=I2C2
Mcu.IP4=NVIC
Mcu.IP5=RCC
Mcu.IP6=RTC
Mcu.IP7=SYS
Mcu.IP8=TIM3
Mcu.IP9=TIM6
Mcu.IPNb=12
Mcu.Name=STM32F030CCTx
Mcu.Package=LQFP48
Mcu.Pin0=PC13
Mcu.Pin1=PC14OSC32_IN
Mcu.Pin10=PA5
Mcu.Pin11=PA6
Mcu.Pin12=PA7
Mcu.Pin13=PB0
Mcu.Pin14=PB1
Mcu.Pin15=PB2
Mcu.Pin16=PB10
Mcu.Pin17=PB11
Mcu.Pin18=PB12
Mcu.Pin19=PB13
Mcu.Pin2=PC15OSC32_OUT
Mcu.Pin20=PB14
Mcu.Pin21=PB15
Mcu.Pin22=PA8
Mcu.Pin23=PA9
Mcu.Pin24=PA10
Mcu.Pin25=PA11
Mcu.Pin26=PA12
Mcu.Pin27=PA13
Mcu.Pin28=PA14
Mcu.Pin29=PA15
Mcu.Pin3=PF0-OSC_IN
Mcu.Pin30=PB3
Mcu.Pin31=PB4
Mcu.Pin32=PB5
Mcu.Pin33=PB6
Mcu.Pin34=PB7
Mcu.Pin35=PB8
Mcu.Pin36=PB9
Mcu.Pin37=VP_ADC_TempSens_Input
Mcu.Pin38=VP_ADC_Vref_Input
Mcu.Pin39=VP_RTC_VS_RTC_Activate
Mcu.Pin4=PF1-OSC_OUT
Mcu.Pin40=VP_RTC_VS_RTC_Calendar
Mcu.Pin41=VP_RTC_VS_RTC_WakeUp_intern
Mcu.Pin42=VP_RTC_VS_RTC_Alarm_A_Intern
Mcu.Pin43=VP_SYS_VS_Systick
Mcu.Pin44=VP_TIM6_VS_ClockSourceINT
Mcu.Pin45=VP_TIM17_VS_ClockSourceINT
Mcu.Pin5=PA0
Mcu.Pin6=PA1
Mcu.Pin7=PA2
Mcu.Pin8=PA3
Mcu.Pin9=PA4
Mcu.PinsNb=46
Mcu.ThirdPartyNb=0
Mcu.UserConstants=
Mcu.UserName=STM32F030CCTx
MxCube.Version=6.1.1
MxDb.Version=DB.6.0.10
NVIC.EXTI0_1_IRQn=true\:3\:0\:true\:false\:true\:true\:true
NVIC.EXTI2_3_IRQn=true\:3\:0\:true\:false\:true\:true\:true
NVIC.EXTI4_15_IRQn=true\:3\:0\:true\:false\:true\:true\:true
NVIC.ForceEnableDMAVector=false
NVIC.HardFault_IRQn=true\:0\:0\:false\:false\:true\:false\:false
NVIC.I2C1_IRQn=true\:0\:0\:false\:false\:false\:true\:false
NVIC.I2C2_IRQn=true\:0\:0\:false\:false\:false\:true\:false
NVIC.NonMaskableInt_IRQn=true\:0\:0\:false\:false\:true\:false\:false
NVIC.PendSV_IRQn=true\:0\:0\:false\:false\:true\:false\:false
NVIC.RTC_IRQn=true\:0\:0\:false\:false\:true\:true\:true
NVIC.SVC_IRQn=true\:0\:0\:false\:false\:true\:false\:false
NVIC.SysTick_IRQn=true\:1\:0\:true\:false\:true\:false\:true
NVIC.TIM6_IRQn=true\:2\:0\:true\:false\:false\:true\:false
PA0.GPIOParameters=GPIO_Label
PA0.GPIO_Label=CS1
PA0.Locked=true
PA0.Mode=IN0
PA0.Signal=ADC_IN0
PA1.GPIOParameters=GPIO_Label
PA1.GPIO_Label=CS2
PA1.Mode=IN1
PA1.Signal=ADC_IN1
PA10.GPIOParameters=GPIO_Label
PA10.GPIO_Label=POW_EN
PA10.Locked=true
PA10.Signal=GPIO_Input
PA11.GPIOParameters=GPIO_Label
PA11.GPIO_Label=POWDET_EN
PA11.Locked=true
PA11.Signal=GPIO_Output
PA12.GPIOParameters=GPIO_Label
PA12.GPIO_Label=EXTVS_EN
PA12.Locked=true
PA12.Signal=GPIO_Input
PA13.Mode=Serial_Wire
PA13.Signal=SYS_SWDIO
PA14.Mode=Serial_Wire
PA14.Signal=SYS_SWCLK
PA15.GPIOParameters=GPIO_Label
PA15.GPIO_Label=TS_CTL2
PA15.Locked=true
PA15.Signal=GPIO_Output
PA2.GPIOParameters=GPIO_Label
PA2.GPIO_Label=BAT_SEN
PA2.Locked=true
PA2.Mode=IN2
PA2.Signal=ADC_IN2
PA3.GPIOParameters=GPIO_Label
PA3.GPIO_Label=NTCR10
PA3.Locked=true
PA3.Mode=IN3
PA3.Signal=ADC_IN3
PA4.GPIOParameters=GPIO_Label
PA4.GPIO_Label=POW_DET_SEN
PA4.Locked=true
PA4.Mode=IN4
PA4.Signal=ADC_IN4
PA5.GPIOParameters=GPIO_Label
PA5.GPIO_Label=CHG_CUR
PA5.Locked=true
PA5.Mode=IN5
PA5.Signal=ADC_IN5
PA6.GPIOParameters=GPIO_Label
PA6.GPIO_Label=TS_CTR1
PA6.Locked=true
PA6.Signal=GPIO_Output
PA7.GPIOParameters=GPIO_Label
PA7.GPIO_Label=IO1
PA7.Locked=true
PA7.Mode=IN7
PA7.Signal=ADC_IN7
PA8.GPIOParameters=GPIO_Label
PA8.GPIO_Label=IO2
PA8.Locked=true
PA8.Signal=GPIO_Input
PA9.GPIOParameters=GPIO_Label
PA9.GPIO_Label=BID
PA9.Locked=true
PA9.Signal=GPIO_Input
PB0.GPIOParameters=GPIO_Label
PB0.GPIO_Label=LED2_B
PB0.Signal=S_TIM3_CH3
PB1.GPIOParameters=GPIO_PuPd,GPIO_Label
PB1.GPIO_Label=BGINT
PB1.GPIO_PuPd=GPIO_NOPULL
PB1.Locked=true
PB1.Signal=GPIO_Input
PB10.Locked=true
PB10.Mode=I2C
PB10.Signal=I2C2_SCL
PB11.Mode=I2C
PB11.Signal=I2C2_SDA
PB12.GPIOParameters=GPIO_PuPd,GPIO_Label
PB12.GPIO_Label=SW1
PB12.GPIO_PuPd=GPIO_PULLDOWN
PB12.Locked=true
PB12.Signal=GPXTI12
PB13.GPIOParameters=PinState,GPIO_Label,GPIO_ModeDefaultOutputPP
PB13.GPIO_Label=RUN
PB13.GPIO_ModeDefaultOutputPP=GPIO_MODE_OUTPUT_OD
PB13.Locked=true
PB13.PinState=GPIO_PIN_SET
PB13.Signal=GPIO_Output
PB14.GPIOParameters=GPIO_Label
PB14.GPIO_Label=LED1_R
PB14.Signal=S_TIM15_CH1
PB15.GPIOParameters=GPIO_Label
PB15.GPIO_Label=LED1_G
PB15.Signal=S_TIM15_CH2
PB2.GPIOParameters=GPIO_PuPd,GPIO_Label
PB2.GPIO_Label=SW3
PB2.GPIO_PuPd=GPIO_PULLDOWN
PB2.Locked=true
PB2.Signal=GPXTI2
PB3.GPIOParameters=GPIO_Label
PB3.GPIO_Label=EE_A
PB3.Locked=true
PB3.Signal=GPIO_Output
PB4.GPIOParameters=GPIO_Label
PB4.GPIO_Label=LED2_R
PB4.Locked=true
PB4.Signal=S_TIM3_CH1
PB5.GPIOParameters=GPIO_Label
PB5.GPIO_Label=LED2_G
PB5.Signal=S_TIM3_CH2
PB6.Locked=true
PB6.Mode=I2C
PB6.Signal=I2C1_SCL
PB7.Locked=true
PB7.Mode=I2C
PB7.Signal=I2C1_SDA
PB8.GPIOParameters=GPIO_Label
PB8.GPIO_Label=EE_WP
PB8.Locked=true
PB8.Signal=GPIO_Output
PB9.GPIOParameters=GPIO_Label
PB9.GPIO_Label=LED1_B
PB9.Signal=S_TIM17_CH1
PC13.GPIOParameters=GPIO_PuPd,GPIO_Label
PC13.GPIO_Label=WKUP_SW2
PC13.GPIO_PuPd=GPIO_PULLDOWN
PC13.Locked=true
PC13.Signal=GPXTI13
PC14OSC32_IN.Mode=LSE-External-Oscillator
PC14OSC32_IN.Signal=RCC_OSC32_IN
PC15OSC32_OUT.Mode=LSE-External-Oscillator
PC15OSC32_OUT.Signal=RCC_OSC32_OUT
PF0-OSC_IN.GPIOParameters=GPIO_PuPd,GPIO_Label,GPIO_ModeDefaultEXTI
PF0-OSC_IN.GPIO_Label=CH_INT
PF0-OSC_IN.GPIO_ModeDefaultEXTI=GPIO_MODE_IT_FALLING
PF0-OSC_IN.GPIO_PuPd=GPIO_PULLUP
PF0-OSC_IN.Locked=true
PF0-OSC_IN.Signal=GPXTI0
PF1-OSC_OUT.GPIOParameters=GPIO_Label,GPIO_ModeDefaultOutputPP
PF1-OSC_OUT.GPIO_Label=ESYSLIM
PF1-OSC_OUT.GPIO_ModeDefaultOutputPP=GPIO_MODE_OUTPUT_OD
PF1-OSC_OUT.Locked=true
PF1-OSC_OUT.Signal=GPIO_Output
PinOutPanel.RotationAngle=0
ProjectManager.AskForMigrate=true
ProjectManager.BackupPrevious=false
ProjectManager.CompilerOptimize=6
ProjectManager.ComputerToolchain=false
ProjectManager.CoupleFile=false
ProjectManager.CustomerFirmwarePackage=
ProjectManager.DefaultFWLocation=true
ProjectManager.DeletePrevious=true
ProjectManager.DeviceId=STM32F030CCTx
ProjectManager.FirmwarePackage=STM32Cube FW_F0 V1.11.2
ProjectManager.FreePins=false
ProjectManager.HalAssertFull=false
ProjectManager.HeapSize=0x200
ProjectManager.KeepUserCode=true
ProjectManager.LastFirmware=true
ProjectManager.LibraryCopy=1
ProjectManager.MainLocation=Src
ProjectManager.NoMain=false
ProjectManager.PreviousToolchain=STM32CubeIDE
ProjectManager.ProjectBuild=false
ProjectManager.ProjectFileName=CubeMX.ioc
ProjectManager.ProjectName=CubeMX
ProjectManager.RegisterCallBack=
ProjectManager.StackSize=0x400
ProjectManager.TargetToolchain=STM32CubeIDE
ProjectManager.ToolChainLocation=
ProjectManager.UnderRoot=false
ProjectManager.functionlistsort=1-MX_GPIO_Init-GPIO-false-HAL-true,2-MX_DMA_Init-DMA-false-HAL-true,3-SystemClock_Config-RCC-false-HAL-false,4-MX_ADC_Init-ADC-false-HAL-true,5-MX_RTC_Init-RTC-false-HAL-true,6-MX_TIM6_Init-TIM6-false-HAL-true,7-MX_TIM3_Init-TIM3-false-HAL-true,8-MX_TIM15_Init-TIM15-false-HAL-true,9-MX_TIM17_Init-TIM17-false-HAL-true,10-MX_I2C2_Init-I2C2-false-HAL-true,11-MX_I2C1_Init-I2C1-false-HAL-true
RCC.FamilyName=M
RCC.IPParameters=FamilyName,PLLCLKFreq_Value,PLLMCOFreq_Value,RTCClockSelection,RTCFreq_Value,TimSysFreq_Value,VCOOutput2Freq_Value
RCC.PLLCLKFreq_Value=16000000
RCC.PLLMCOFreq_Value=16000000
RCC.RTCClockSelection=RCC_RTCCLKSOURCE_LSE
RCC.RTCFreq_Value=32768
RCC.TimSysFreq_Value=8000000
RCC.VCOOutput2Freq_Value=8000000
RTC.Alarm-Alarm\ A=RTC_ALARM_A
RTC.IPParameters=Alarm-Alarm A
SH.GPXTI0.0=GPIO_EXTI0
SH.GPXTI0.ConfNb=1
SH.GPXTI12.0=GPIO_EXTI12
SH.GPXTI12.ConfNb=1
SH.GPXTI13.0=GPIO_EXTI13
SH.GPXTI13.ConfNb=1
SH.GPXTI2.0=GPIO_EXTI2
SH.GPXTI2.ConfNb=1
SH.S_TIM15_CH1.0=TIM15_CH1,PWM Generation1 CH1
SH.S_TIM15_CH1.ConfNb=1
SH.S_TIM15_CH2.0=TIM15_CH2,PWM Generation2 CH2
SH.S_TIM15_CH2.ConfNb=1
SH.S_TIM17_CH1.0=TIM17_CH1,PWM Generation1 CH1
SH.S_TIM17_CH1.ConfNb=1
SH.S_TIM3_CH1.0=TIM3_CH1,PWM Generation1 CH1
SH.S_TIM3_CH1.ConfNb=1
SH.S_TIM3_CH2.0=TIM3_CH2,PWM Generation2 CH2
SH.S_TIM3_CH2.ConfNb=1
SH.S_TIM3_CH3.0=TIM3_CH3,PWM Generation3 CH3
SH.S_TIM3_CH3.ConfNb=1
TIM15.Channel-PWM\ Generation1\ CH1=TIM_CHANNEL_1
TIM15.Channel-PWM\ Generation2\ CH2=TIM_CHANNEL_2
TIM15.IPParameters=Channel-PWM Generation1 CH1,Channel-PWM Generation2 CH2
TIM17.Channel=TIM_CHANNEL_1
TIM17.IPParameters=Channel
TIM3.Channel-PWM\ Generation1\ CH1=TIM_CHANNEL_1
TIM3.Channel-PWM\ Generation2\ CH2=TIM_CHANNEL_2
TIM3.Channel-PWM\ Generation3\ CH3=TIM_CHANNEL_3
TIM3.IPParameters=Channel-PWM Generation3 CH3,Channel-PWM Generation2 CH2,Channel-PWM Generation1 CH1
TIM6.IPParameters=Period,Prescaler
TIM6.Period=1000 - 1
TIM6.Prescaler=8 - 1
VP_ADC_TempSens_Input.Mode=IN-TempSens
VP_ADC_TempSens_Input.Signal=ADC_TempSens_Input
VP_ADC_Vref_Input.Mode=IN-Vrefint
VP_ADC_Vref_Input.Signal=ADC_Vref_Input
VP_RTC_VS_RTC_Activate.Mode=RTC_Enabled
VP_RTC_VS_RTC_Activate.Signal=RTC_VS_RTC_Activate
VP_RTC_VS_RTC_Alarm_A_Intern.Mode=Alarm A
VP_RTC_VS_RTC_Alarm_A_Intern.Signal=RTC_VS_RTC_Alarm_A_Intern
VP_RTC_VS_RTC_Calendar.Mode=RTC_Calendar
VP_RTC_VS_RTC_Calendar.Signal=RTC_VS_RTC_Calendar
VP_RTC_VS_RTC_WakeUp_intern.Mode=WakeUp
VP_RTC_VS_RTC_WakeUp_intern.Signal=RTC_VS_RTC_WakeUp_intern
VP_SYS_VS_Systick.Mode=SysTick
VP_SYS_VS_Systick.Signal=SYS_VS_Systick
VP_TIM17_VS_ClockSourceINT.Mode=Enable_Timer
VP_TIM17_VS_ClockSourceINT.Signal=TIM17_VS_ClockSourceINT
VP_TIM6_VS_ClockSourceINT.Mode=Enable_Timer
VP_TIM6_VS_ClockSourceINT.Signal=TIM6_VS_ClockSourceINT
board=custom
